# This file is generated by running "yarn install" inside your project.
# Manual changes might be lost - proceed with caution!

__metadata:
  version: 8
  cacheKey: 10c0

"finance_stuff_connectors@workspace:.":
  version: 0.0.0-use.local
  resolution: "finance_stuff_connectors@workspace:."
  dependencies:
    node: "npm:^22.8.0"
    tsc: "npm:^2.0.4"
    typescript: "npm:^5.6.2"
  languageName: unknown
  linkType: soft

"node-bin-setup@npm:^1.0.0":
  version: 1.1.3
  resolution: "node-bin-setup@npm:1.1.3"
  checksum: 10c0/7de7d17aff7baa4e424f2b94ba14626b177620998d7bbe5bb28841a4e078d9c198a96edefb88f00e80a724f3d56907cdfb4be8af1c45e46b0f1476c26d828910
  languageName: node
  linkType: hard

"node@npm:^22.8.0":
  version: 22.8.0
  resolution: "node@npm:22.8.0"
  dependencies:
    node-bin-setup: "npm:^1.0.0"
  bin:
    node: bin/node
  checksum: 10c0/02510c40f39dc635fdb16339283459aae43756535d8e3b1d89e94dc6f2b3a7c32af61eb07856656363912a8df108893fa18fac018d450dd5c1ef0f0d41b97b94
  languageName: node
  linkType: hard

"tsc@npm:^2.0.4":
  version: 2.0.4
  resolution: "tsc@npm:2.0.4"
  bin:
    tsc: bin/tsc
  checksum: 10c0/4651d344891d995e62ab7ca64ce0a8597bbdc2d392886c9956d15caab4dc9bfe86e759d3385b3f97c49fb5294194a161d6812673e3f51e46357c82482f32c3ab
  languageName: node
  linkType: hard

"typescript@npm:^5.6.2":
  version: 5.6.2
  resolution: "typescript@npm:5.6.2"
  bin:
    tsc: bin/tsc
    tsserver: bin/tsserver
  checksum: 10c0/3ed8297a8c7c56b7fec282532503d1ac795239d06e7c4966b42d4330c6cf433a170b53bcf93a130a7f14ccc5235de5560df4f1045eb7f3550b46ebed16d3c5e5
  languageName: node
  linkType: hard

"typescript@patch:typescript@npm%3A^5.6.2#optional!builtin<compat/typescript>":
  version: 5.6.2
  resolution: "typescript@patch:typescript@npm%3A5.6.2#optional!builtin<compat/typescript>::version=5.6.2&hash=8c6c40"
  bin:
    tsc: bin/tsc
    tsserver: bin/tsserver
  checksum: 10c0/94eb47e130d3edd964b76da85975601dcb3604b0c848a36f63ac448d0104e93819d94c8bdf6b07c00120f2ce9c05256b8b6092d23cf5cf1c6fa911159e4d572f
  languageName: node
  linkType: hard
